
Microsoft Visual Studio Solution File, Format Version 12.00
# Visual Studio Version 17
VisualStudioVersion = 17.6.33801.468
MinimumVisualStudioVersion = 10.0.40219.1
Project("{2150E333-8FDC-42A3-9474-1A3956D46DE8}") = "PreOddsApiFramework", "PreOddsApiFramework", "{8B67A7B0-E037-461F-99AE-28800C0BE744}"
EndProject
Project("{9A19103F-16F7-4668-BE54-9A1E7A4F7556}") = "PreOddsApi.Core", "PreOddsApi.Core\PreOddsApi.Core.csproj", "{A076CCBD-AFB2-4553-923B-8C8F74FB8B87}"
EndProject
Project("{9A19103F-16F7-4668-BE54-9A1E7A4F7556}") = "PreOddsApi.Core.Data", "PreOddsApi.Core.Data\PreOddsApi.Core.Data.csproj", "{84F8DA39-FF8A-40C8-9B9F-68A3C2E684C8}"
EndProject
Project("{9A19103F-16F7-4668-BE54-9A1E7A4F7556}") = "PreOddsApi.Core.Data.EntityFramework", "PreOddsApi.Core.Data.EntityFramework\PreOddsApi.Core.Data.EntityFramework.csproj", "{37DAF6F0-0C83-4929-B361-289C01F10DC2}"
EndProject
Project("{9A19103F-16F7-4668-BE54-9A1E7A4F7556}") = "PreOddsApi.WebApi", "PreOddsApi.WebApi\PreOddsApi.WebApi.csproj", "{2061C7DA-9F03-43BE-8AB3-D0946D1E1C98}"
EndProject
Project("{2150E333-8FDC-42A3-9474-1A3956D46DE8}") = "PreOddsApiBusinessLayer", "PreOddsApiBusinessLayer", "{4B37288F-9706-4313-9E37-337C5EF192ED}"
EndProject
Project("{9A19103F-16F7-4668-BE54-9A1E7A4F7556}") = "PreOddsApi.BusinessLayer", "PreOddsApi.BusinessLayer\PreOddsApi.BusinessLayer.csproj", "{062E66DA-6E66-4623-AA09-FF1563859D8D}"
EndProject
Project("{9A19103F-16F7-4668-BE54-9A1E7A4F7556}") = "PreOddsApi.BusinessLayer.Entities", "PreOddsApi.BusinessLayer.Entities\PreOddsApi.BusinessLayer.Entities.csproj", "{5EFDAE6E-996A-493D-A6C7-1249451C6614}"
EndProject
Project("{9A19103F-16F7-4668-BE54-9A1E7A4F7556}") = "PreOddsApi.DataLayer", "PreOddsApi.DataLayer\PreOddsApi.DataLayer.csproj", "{9CEBC83F-D984-4164-9682-F12987520952}"
EndProject
Project("{9A19103F-16F7-4668-BE54-9A1E7A4F7556}") = "PreOddsApi.Entities", "PreOddsApi.Entities\PreOddsApi.Entities.csproj", "{84996840-C869-443A-9C0C-E32B6C386368}"
EndProject
Project("{9A19103F-16F7-4668-BE54-9A1E7A4F7556}") = "PreOddsApi.Utils", "PreOddsApi.Utils\PreOddsApi.Utils.csproj", "{A747710E-F75D-4626-82DF-3BB7B116EEDC}"
EndProject
Project("{9A19103F-16F7-4668-BE54-9A1E7A4F7556}") = "PreOddsApi.WebUI", "PreOddsApi.WebUI\PreOddsApi.WebUI.csproj", "{8E21D083-08AC-4C4C-8CAE-04D0B62BA886}"
EndProject
Project("{2150E333-8FDC-42A3-9474-1A3956D46DE8}") = "PreOddsApiWorkers", "PreOddsApiWorkers", "{AF910AF1-D20E-4205-8DEC-FE84DDA97C8F}"
EndProject
Project("{2150E333-8FDC-42A3-9474-1A3956D46DE8}") = "SportMonks", "SportMonks", "{3D6F797B-4FEA-4EE0-B688-5644BA4F0331}"
EndProject
Project("{2150E333-8FDC-42A3-9474-1A3956D46DE8}") = "Core", "Core", "{0AA1D588-C7C7-4FB7-A82F-3E2D5115D760}"
EndProject
Project("{2150E333-8FDC-42A3-9474-1A3956D46DE8}") = "Football", "Football", "{5355A7AE-086D-4FF5-A87A-CFE2DA49F015}"
EndProject
Project("{9A19103F-16F7-4668-BE54-9A1E7A4F7556}") = "SportMonks.Core.Worker", "PreOddsApi.Worker\SportMonks\SportMonks.Core\SportMonks.Core.Worker.csproj", "{97CC2DF8-6C48-484D-AA7D-9096DB527468}"
EndProject
Project("{9A19103F-16F7-4668-BE54-9A1E7A4F7556}") = "SportMonks.Football.FootballWorker", "PreOddsApi.Worker\SportMonks\SportMonks.Football.Fixture\SportMonks.Football.FootballWorker.csproj", "{1CC1904B-45DB-46B7-8A21-97EE6860192F}"
EndProject
Project("{2150E333-8FDC-42A3-9474-1A3956D46DE8}") = "PreOddsApiExtenalServices", "PreOddsApiExtenalServices", "{B9CD65C1-AF3E-4751-8ADC-3DC088EA0884}"
EndProject
Project("{9A19103F-16F7-4668-BE54-9A1E7A4F7556}") = "PreOddsApi.ExternalApis", "PreOddsApi.ExternalApis\PreOddsApi.ExternalApis.csproj", "{76CA6D3C-4229-4335-B4DD-9F32651F4B98}"
EndProject
Project("{2150E333-8FDC-42A3-9474-1A3956D46DE8}") = "Odds", "Odds", "{6C2E1982-09ED-4051-B082-6ED55DAF5F0C}"
EndProject
Project("{FAE04EC0-301F-11D3-BF4B-00C04F79EFBC}") = "SportMonks.Odds", "PreOddsApi.Worker\SportMonks\SportMonks.Odds\SportMonks.Odds.csproj", "{8582395B-4B23-473A-A63A-DCB1CD5B0178}"
EndProject
Global
	GlobalSection(SolutionConfigurationPlatforms) = preSolution
		Debug|Any CPU = Debug|Any CPU
		Release|Any CPU = Release|Any CPU
	EndGlobalSection
	GlobalSection(ProjectConfigurationPlatforms) = postSolution
		{A076CCBD-AFB2-4553-923B-8C8F74FB8B87}.Debug|Any CPU.ActiveCfg = Debug|Any CPU
		{A076CCBD-AFB2-4553-923B-8C8F74FB8B87}.Debug|Any CPU.Build.0 = Debug|Any CPU
		{A076CCBD-AFB2-4553-923B-8C8F74FB8B87}.Release|Any CPU.ActiveCfg = Release|Any CPU
		{A076CCBD-AFB2-4553-923B-8C8F74FB8B87}.Release|Any CPU.Build.0 = Release|Any CPU
		{84F8DA39-FF8A-40C8-9B9F-68A3C2E684C8}.Debug|Any CPU.ActiveCfg = Debug|Any CPU
		{84F8DA39-FF8A-40C8-9B9F-68A3C2E684C8}.Debug|Any CPU.Build.0 = Debug|Any CPU
		{84F8DA39-FF8A-40C8-9B9F-68A3C2E684C8}.Release|Any CPU.ActiveCfg = Release|Any CPU
		{84F8DA39-FF8A-40C8-9B9F-68A3C2E684C8}.Release|Any CPU.Build.0 = Release|Any CPU
		{37DAF6F0-0C83-4929-B361-289C01F10DC2}.Debug|Any CPU.ActiveCfg = Debug|Any CPU
		{37DAF6F0-0C83-4929-B361-289C01F10DC2}.Debug|Any CPU.Build.0 = Debug|Any CPU
		{37DAF6F0-0C83-4929-B361-289C01F10DC2}.Release|Any CPU.ActiveCfg = Release|Any CPU
		{37DAF6F0-0C83-4929-B361-289C01F10DC2}.Release|Any CPU.Build.0 = Release|Any CPU
		{2061C7DA-9F03-43BE-8AB3-D0946D1E1C98}.Debug|Any CPU.ActiveCfg = Debug|Any CPU
		{2061C7DA-9F03-43BE-8AB3-D0946D1E1C98}.Debug|Any CPU.Build.0 = Debug|Any CPU
		{2061C7DA-9F03-43BE-8AB3-D0946D1E1C98}.Release|Any CPU.ActiveCfg = Release|Any CPU
		{2061C7DA-9F03-43BE-8AB3-D0946D1E1C98}.Release|Any CPU.Build.0 = Release|Any CPU
		{062E66DA-6E66-4623-AA09-FF1563859D8D}.Debug|Any CPU.ActiveCfg = Debug|Any CPU
		{062E66DA-6E66-4623-AA09-FF1563859D8D}.Debug|Any CPU.Build.0 = Debug|Any CPU
		{062E66DA-6E66-4623-AA09-FF1563859D8D}.Release|Any CPU.ActiveCfg = Release|Any CPU
		{062E66DA-6E66-4623-AA09-FF1563859D8D}.Release|Any CPU.Build.0 = Release|Any CPU
		{5EFDAE6E-996A-493D-A6C7-1249451C6614}.Debug|Any CPU.ActiveCfg = Debug|Any CPU
		{5EFDAE6E-996A-493D-A6C7-1249451C6614}.Debug|Any CPU.Build.0 = Debug|Any CPU
		{5EFDAE6E-996A-493D-A6C7-1249451C6614}.Release|Any CPU.ActiveCfg = Release|Any CPU
		{5EFDAE6E-996A-493D-A6C7-1249451C6614}.Release|Any CPU.Build.0 = Release|Any CPU
		{9CEBC83F-D984-4164-9682-F12987520952}.Debug|Any CPU.ActiveCfg = Debug|Any CPU
		{9CEBC83F-D984-4164-9682-F12987520952}.Debug|Any CPU.Build.0 = Debug|Any CPU
		{9CEBC83F-D984-4164-9682-F12987520952}.Release|Any CPU.ActiveCfg = Release|Any CPU
		{9CEBC83F-D984-4164-9682-F12987520952}.Release|Any CPU.Build.0 = Release|Any CPU
		{84996840-C869-443A-9C0C-E32B6C386368}.Debug|Any CPU.ActiveCfg = Debug|Any CPU
		{84996840-C869-443A-9C0C-E32B6C386368}.Debug|Any CPU.Build.0 = Debug|Any CPU
		{84996840-C869-443A-9C0C-E32B6C386368}.Release|Any CPU.ActiveCfg = Release|Any CPU
		{84996840-C869-443A-9C0C-E32B6C386368}.Release|Any CPU.Build.0 = Release|Any CPU
		{A747710E-F75D-4626-82DF-3BB7B116EEDC}.Debug|Any CPU.ActiveCfg = Debug|Any CPU
		{A747710E-F75D-4626-82DF-3BB7B116EEDC}.Debug|Any CPU.Build.0 = Debug|Any CPU
		{A747710E-F75D-4626-82DF-3BB7B116EEDC}.Release|Any CPU.ActiveCfg = Release|Any CPU
		{A747710E-F75D-4626-82DF-3BB7B116EEDC}.Release|Any CPU.Build.0 = Release|Any CPU
		{8E21D083-08AC-4C4C-8CAE-04D0B62BA886}.Debug|Any CPU.ActiveCfg = Debug|Any CPU
		{8E21D083-08AC-4C4C-8CAE-04D0B62BA886}.Debug|Any CPU.Build.0 = Debug|Any CPU
		{8E21D083-08AC-4C4C-8CAE-04D0B62BA886}.Release|Any CPU.ActiveCfg = Release|Any CPU
		{8E21D083-08AC-4C4C-8CAE-04D0B62BA886}.Release|Any CPU.Build.0 = Release|Any CPU
		{97CC2DF8-6C48-484D-AA7D-9096DB527468}.Debug|Any CPU.ActiveCfg = Debug|Any CPU
		{97CC2DF8-6C48-484D-AA7D-9096DB527468}.Debug|Any CPU.Build.0 = Debug|Any CPU
		{97CC2DF8-6C48-484D-AA7D-9096DB527468}.Release|Any CPU.ActiveCfg = Release|Any CPU
		{97CC2DF8-6C48-484D-AA7D-9096DB527468}.Release|Any CPU.Build.0 = Release|Any CPU
		{1CC1904B-45DB-46B7-8A21-97EE6860192F}.Debug|Any CPU.ActiveCfg = Debug|Any CPU
		{1CC1904B-45DB-46B7-8A21-97EE6860192F}.Debug|Any CPU.Build.0 = Debug|Any CPU
		{1CC1904B-45DB-46B7-8A21-97EE6860192F}.Release|Any CPU.ActiveCfg = Release|Any CPU
		{1CC1904B-45DB-46B7-8A21-97EE6860192F}.Release|Any CPU.Build.0 = Release|Any CPU
		{76CA6D3C-4229-4335-B4DD-9F32651F4B98}.Debug|Any CPU.ActiveCfg = Debug|Any CPU
		{76CA6D3C-4229-4335-B4DD-9F32651F4B98}.Debug|Any CPU.Build.0 = Debug|Any CPU
		{76CA6D3C-4229-4335-B4DD-9F32651F4B98}.Release|Any CPU.ActiveCfg = Release|Any CPU
		{76CA6D3C-4229-4335-B4DD-9F32651F4B98}.Release|Any CPU.Build.0 = Release|Any CPU
		{8582395B-4B23-473A-A63A-DCB1CD5B0178}.Debug|Any CPU.ActiveCfg = Debug|Any CPU
		{8582395B-4B23-473A-A63A-DCB1CD5B0178}.Debug|Any CPU.Build.0 = Debug|Any CPU
		{8582395B-4B23-473A-A63A-DCB1CD5B0178}.Release|Any CPU.ActiveCfg = Release|Any CPU
		{8582395B-4B23-473A-A63A-DCB1CD5B0178}.Release|Any CPU.Build.0 = Release|Any CPU
	EndGlobalSection
	GlobalSection(SolutionProperties) = preSolution
		HideSolutionNode = FALSE
	EndGlobalSection
	GlobalSection(NestedProjects) = preSolution
		{A076CCBD-AFB2-4553-923B-8C8F74FB8B87} = {8B67A7B0-E037-461F-99AE-28800C0BE744}
		{84F8DA39-FF8A-40C8-9B9F-68A3C2E684C8} = {8B67A7B0-E037-461F-99AE-28800C0BE744}
		{37DAF6F0-0C83-4929-B361-289C01F10DC2} = {8B67A7B0-E037-461F-99AE-28800C0BE744}
		{062E66DA-6E66-4623-AA09-FF1563859D8D} = {4B37288F-9706-4313-9E37-337C5EF192ED}
		{5EFDAE6E-996A-493D-A6C7-1249451C6614} = {B9CD65C1-AF3E-4751-8ADC-3DC088EA0884}
		{A747710E-F75D-4626-82DF-3BB7B116EEDC} = {8B67A7B0-E037-461F-99AE-28800C0BE744}
		{3D6F797B-4FEA-4EE0-B688-5644BA4F0331} = {AF910AF1-D20E-4205-8DEC-FE84DDA97C8F}
		{0AA1D588-C7C7-4FB7-A82F-3E2D5115D760} = {3D6F797B-4FEA-4EE0-B688-5644BA4F0331}
		{5355A7AE-086D-4FF5-A87A-CFE2DA49F015} = {3D6F797B-4FEA-4EE0-B688-5644BA4F0331}
		{97CC2DF8-6C48-484D-AA7D-9096DB527468} = {0AA1D588-C7C7-4FB7-A82F-3E2D5115D760}
		{1CC1904B-45DB-46B7-8A21-97EE6860192F} = {5355A7AE-086D-4FF5-A87A-CFE2DA49F015}
		{76CA6D3C-4229-4335-B4DD-9F32651F4B98} = {B9CD65C1-AF3E-4751-8ADC-3DC088EA0884}
		{6C2E1982-09ED-4051-B082-6ED55DAF5F0C} = {3D6F797B-4FEA-4EE0-B688-5644BA4F0331}
		{8582395B-4B23-473A-A63A-DCB1CD5B0178} = {6C2E1982-09ED-4051-B082-6ED55DAF5F0C}
	EndGlobalSection
	GlobalSection(ExtensibilityGlobals) = postSolution
		SolutionGuid = {D7A0A523-BD99-4C19-9E4E-E26C3B6D4DD3}
	EndGlobalSection
EndGlobal
